hash: a5cad3948a4c508f2bb56c4e734e08d1dc18f5bc295e9ad0de19c6aaf6eacace
updated: 2019-02-15T02:15:42.165371-08:00
imports:
- name: github.com/golang/protobuf
  version: c823c79ea1570fb5ff454033735a8e68575d1d0f
  subpackages:
  - proto
  - protoc-gen-go/descriptor
  - protoc-gen-go/generator
  - protoc-gen-go/generator/internal/remap
  - protoc-gen-go/grpc
  - protoc-gen-go/plugin
  - ptypes
  - ptypes/any
  - ptypes/duration
  - ptypes/timestamp
- name: golang.org/x/net
  version: 9dfe39835686865bff950a07b394c12a98ddc811
  subpackages:
  - context
  - http2
  - http2/hpack
  - idna
  - internal/timeseries
  - lex/httplex
  - trace
- name: golang.org/x/sys
  version: 0b25a408a50076fbbcae6b7ac0ea5fbb0b085e79
  subpackages:
  - unix
- name: golang.org/x/text
  version: 6c92c7dc7f53607809182301b96e4cc1975143f1
  subpackages:
  - secure/bidirule
  - transform
  - unicode/bidi
  - unicode/norm
- name: google.golang.org/genproto
  version: 4b09977fb92221987e99d190c8f88f2c92727a29
  subpackages:
  - googleapis/rpc/status
- name: google.golang.org/grpc
  version: a02b0774206b209466313a0b525d2c738fe407eb
  subpackages:
  - balancer
  - balancer/base
  - balancer/roundrobin
  - binarylog/grpc_binarylog_v1
  - codes
  - connectivity
  - credentials
  - credentials/internal
  - encoding
  - encoding/proto
  - grpclog
  - internal
  - internal/backoff
  - internal/binarylog
  - internal/channelz
  - internal/envconfig
  - internal/grpcrand
  - internal/grpcsync
  - internal/syscall
  - internal/transport
  - keepalive
  - metadata
  - naming
  - peer
  - resolver
  - resolver/dns
  - resolver/passthrough
  - stats
  - status
  - tap
testImports: []
